
Microsoft Visual Studio Solution File, Format Version 10.00
# Visual Studio 2008
Project("{FAE04EC0-301F-11D3-BF4B-00C04F79EFBC}") = "Tesla Car Communicator v1.0.0", "TeslaCarCommunicator\Tesla Car Communicator v1.0.0.csproj", "{D29D1487-70B7-47C8-9809-496253890420}"
EndProject
Project("{2150E333-8FDC-42A3-9474-1A3956D46DE8}") = "Solution Items", "Solution Items", "{553EA674-EDAC-4FE8-9367-4C58971FB09D}"
EndProject
Global
	GlobalSection(SolutionConfigurationPlatforms) = preSolution
		Debug|Any CPU = Debug|Any CPU
		Release|Any CPU = Release|Any CPU
	EndGlobalSection
	GlobalSection(ProjectConfigurationPlatforms) = postSolution
		{D29D1487-70B7-47C8-9809-496253890420}.Debug|Any CPU.ActiveCfg = Debug|Any CPU
		{D29D1487-70B7-47C8-9809-496253890420}.Debug|Any CPU.Build.0 = Debug|Any CPU
		{D29D1487-70B7-47C8-9809-496253890420}.Release|Any CPU.ActiveCfg = Release|Any CPU
		{D29D1487-70B7-47C8-9809-496253890420}.Release|Any CPU.Build.0 = Release|Any CPU
	EndGlobalSection
	GlobalSection(SolutionProperties) = preSolution
		HideSolutionNode = FALSE
	EndGlobalSection
EndGlobal
